
Microsoft Visual Studio Solution File, Format Version 12.00
# Visual Studio Version 17
VisualStudioVersion = 17.2.32630.192
MinimumVisualStudioVersion = 10.0.40219.1
Project("{FAE04EC0-301F-11D3-BF4B-00C04F79EFBC}") = "KatalonR_Tests_POM", "KatalonR_Tests_POM\KatalonR_Tests_POM.csproj", "{56D47F7A-72B5-4AD6-9427-7E2B0D6B91B1}"
EndProject
Global
	GlobalSection(SolutionConfigurationPlatforms) = preSolution
		Debug|Any CPU = Debug|Any CPU
		Release|Any CPU = Release|Any CPU
	EndGlobalSection
	GlobalSection(ProjectConfigurationPlatforms) = postSolution
		{56D47F7A-72B5-4AD6-9427-7E2B0D6B91B1}.Debug|Any CPU.ActiveCfg = Debug|Any CPU
		{56D47F7A-72B5-4AD6-9427-7E2B0D6B91B1}.Debug|Any CPU.Build.0 = Debug|Any CPU
		{56D47F7A-72B5-4AD6-9427-7E2B0D6B91B1}.Release|Any CPU.ActiveCfg = Release|Any CPU
		{56D47F7A-72B5-4AD6-9427-7E2B0D6B91B1}.Release|Any CPU.Build.0 = Release|Any CPU
	EndGlobalSection
	GlobalSection(SolutionProperties) = preSolution
		HideSolutionNode = FALSE
	EndGlobalSection
	GlobalSection(ExtensibilityGlobals) = postSolution
		SolutionGuid = {DEE32535-7A59-45C2-8304-FB47F90B7E0E}
	EndGlobalSection
EndGlobal
